// !$*UTF8*$!
{
	archiveVersion = 1;
	classes = {
	};
	objectVersion = 56;
	objects = {

/* Begin PBXBuildFile section */
		80FF0AF02A22B5B9002025C5 /* AppDelegate.swift in Sources */ = {isa = PBXBuildFile; fileRef = 80FF0AEF2A22B5B9002025C5 /* AppDelegate.swift */; };
		80FF0AF22A22B5B9002025C5 /* SceneDelegate.swift in Sources */ = {isa = PBXBuildFile; fileRef = 80FF0AF12A22B5B9002025C5 /* SceneDelegate.swift */; };
		80FF0AF42A22B5B9002025C5 /* ViewController.swift in Sources */ = {isa = PBXBuildFile; fileRef = 80FF0AF32A22B5B9002025C5 /* ViewController.swift */; };
		80FF0AF72A22B5B9002025C5 /* Main.storyboard in Resources */ = {isa = PBXBuildFile; fileRef = 80FF0AF52A22B5B9002025C5 /* Main.storyboard */; };
		80FF0AF92A22B5B9002025C5 /* Assets.xcassets in Resources */ = {isa = PBXBuildFile; fileRef = 80FF0AF82A22B5B9002025C5 /* Assets.xcassets */; };
		80FF0AFC2A22B5B9002025C5 /* LaunchScreen.storyboard in Resources */ = {isa = PBXBuildFile; fileRef = 80FF0AFA2A22B5B9002025C5 /* LaunchScreen.storyboard */; };
		80FF0B072A22B5B9002025C5 /* PokemonWorldTests.swift in Sources */ = {isa = PBXBuildFile; fileRef = 80FF0B062A22B5B9002025C5 /* PokemonWorldTests.swift */; };
		80FF0B112A22B5BA002025C5 /* PokemonWorldUITests.swift in Sources */ = {isa = PBXBuildFile; fileRef = 80FF0B102A22B5BA002025C5 /* PokemonWorldUITests.swift */; };
		80FF0B132A22B5BA002025C5 /* PokemonWorldUITestsLaunchTests.swift in Sources */ = {isa = PBXBuildFile; fileRef = 80FF0B122A22B5BA002025C5 /* PokemonWorldUITestsLaunchTests.swift */; };
/* End PBXBuildFile section */

/* Begin PBXContainerItemProxy section */
		80FF0B032A22B5B9002025C5 /* PBXContainerItemProxy */ = {
			isa = PBXContainerItemProxy;
			containerPortal = 80FF0AE42A22B5B9002025C5 /* Project object */;
			proxyType = 1;
			remoteGlobalIDString = 80FF0AEB2A22B5B9002025C5;
			remoteInfo = PokemonWorld;
		};
		80FF0B0D2A22B5BA002025C5 /* PBXContainerItemProxy */ = {
			isa = PBXContainerItemProxy;
			containerPortal = 80FF0AE42A22B5B9002025C5 /* Project object */;
			proxyType = 1;
			remoteGlobalIDString = 80FF0AEB2A22B5B9002025C5;
			remoteInfo = PokemonWorld;
		};
/* End PBXContainerItemProxy section */

/* Begin PBXFileReference section */
		80FF0AEC2A22B5B9002025C5 /* PokemonWorld.app */ = {isa = PBXFileReference; explicitFileType = wrapper.application; includeInIndex = 0; path = PokemonWorld.app; sourceTree = BUILT_PRODUCTS_DIR; };
		80FF0AEF2A22B5B9002025C5 /* AppDelegate.swift */ = {isa = PBXFileReference; lastKnownFileType = sourcecode.swift; path = AppDelegate.swift; sourceTree = "<group>"; };
		80FF0AF12A22B5B9002025C5 /* SceneDelegate.swift */ = {isa = PBXFileReference; lastKnownFileType = sourcecode.swift; path = SceneDelegate.swift; sourceTree = "<group>"; };
		80FF0AF32A22B5B9002025C5 /* ViewController.swift */ = {isa = PBXFileReference; lastKnownFileType = sourcecode.swift; path = ViewController.swift; sourceTree = "<group>"; };
		80FF0AF62A22B5B9002025C5 /* Base */ = {isa = PBXFileReference; lastKnownFileType = file.storyboard; name = Base; path = Base.lproj/Main.storyboard; sourceTree = "<group>"; };
		80FF0AF82A22B5B9002025C5 /* Assets.xcassets */ = {isa = PBXFileReference; lastKnownFileType = folder.assetcatalog; path = Assets.xcassets; sourceTree = "<group>"; };
		80FF0AFB2A22B5B9002025C5 /* Base */ = {isa = PBXFileReference; lastKnownFileType = file.storyboard; name = Base; path = Base.lproj/LaunchScreen.storyboard; sourceTree = "<group>"; };
		80FF0AFD2A22B5B9002025C5 /* Info.plist */ = {isa = PBXFileReference; lastKnownFileType = text.plist.xml; path = Info.plist; sourceTree = "<group>"; };
		80FF0B022A22B5B9002025C5 /* PokemonWorldTests.xctest */ = {isa = PBXFileReference; explicitFileType = wrapper.cfbundle; includeInIndex = 0; path = PokemonWorldTests.xctest; sourceTree = BUILT_PRODUCTS_DIR; };
		80FF0B062A22B5B9002025C5 /* PokemonWorldTests.swift */ = {isa = PBXFileReference; lastKnownFileType = sourcecode.swift; path = PokemonWorldTests.swift; sourceTree = "<group>"; };
		80FF0B0C2A22B5BA002025C5 /* PokemonWorldUITests.xctest */ = {isa = PBXFileReference; explicitFileType = wrapper.cfbundle; includeInIndex = 0; path = PokemonWorldUITests.xctest; sourceTree = BUILT_PRODUCTS_DIR; };
		80FF0B102A22B5BA002025C5 /* PokemonWorldUITests.swift */ = {isa = PBXFileReference; lastKnownFileType = sourcecode.swift; path = PokemonWorldUITests.swift; sourceTree = "<group>"; };
		80FF0B122A22B5BA002025C5 /* PokemonWorldUITestsLaunchTests.swift */ = {isa = PBXFileReference; lastKnownFileType = sourcecode.swift; path = PokemonWorldUITestsLaunchTests.swift; sourceTree = "<group>"; };
/* End PBXFileReference section */

/* Begin PBXFrameworksBuildPhase section */
		80FF0AE92A22B5B9002025C5 /* Frameworks */ = {
			isa = PBXFrameworksBuildPhase;
			buildActionMask = 2147483647;
			files = (
			);
			runOnlyForDeploymentPostprocessing = 0;
		};
		80FF0AFF2A22B5B9002025C5 /* Frameworks */ = {
			isa = PBXFrameworksBuildPhase;
			buildActionMask = 2147483647;
			files = (
			);
			runOnlyForDeploymentPostprocessing = 0;
		};
		80FF0B092A22B5BA002025C5 /* Frameworks */ = {
			isa = PBXFrameworksBuildPhase;
			buildActionMask = 2147483647;
			files = (
			);
			runOnlyForDeploymentPostprocessing = 0;
		};
/* End PBXFrameworksBuildPhase section */

/* Begin PBXGroup section */
		80FF0AE32A22B5B9002025C5 = {
			isa = PBXGroup;
			children = (
				80FF0AEE2A22B5B9002025C5 /* PokemonWorld */,
				80FF0B052A22B5B9002025C5 /* PokemonWorldTests */,
				80FF0B0F2A22B5BA002025C5 /* PokemonWorldUITests */,
				80FF0AED2A22B5B9002025C5 /* Products */,
			);
			sourceTree = "<group>";
		};
		80FF0AED2A22B5B9002025C5 /* Products */ = {
			isa = PBXGroup;
			children = (
				80FF0AEC2A22B5B9002025C5 /* PokemonWorld.app */,
				80FF0B022A22B5B9002025C5 /* PokemonWorldTests.xctest */,
				80FF0B0C2A22B5BA002025C5 /* PokemonWorldUITests.xctest */,
			);
			name = Products;
			sourceTree = "<group>";
		};
		80FF0AEE2A22B5B9002025C5 /* PokemonWorld */ = {
			isa = PBXGroup;
			children = (
				80FF0AEF2A22B5B9002025C5 /* AppDelegate.swift */,
				80FF0AF12A22B5B9002025C5 /* SceneDelegate.swift */,
				80FF0AF32A22B5B9002025C5 /* ViewController.swift */,
				80FF0AF52A22B5B9002025C5 /* Main.storyboard */,
				80FF0AF82A22B5B9002025C5 /* Assets.xcassets */,
				80FF0AFA2A22B5B9002025C5 /* LaunchScreen.storyboard */,
				80FF0AFD2A22B5B9002025C5 /* Info.plist */,
			);
			path = PokemonWorld;
			sourceTree = "<group>";
		};
		80FF0B052A22B5B9002025C5 /* PokemonWorldTests */ = {
			isa = PBXGroup;
			children = (
				80FF0B062A22B5B9002025C5 /* PokemonWorldTests.swift */,
			);
			path = PokemonWorldTests;
			sourceTree = "<group>";
		};
		80FF0B0F2A22B5BA002025C5 /* PokemonWorldUITests */ = {
			isa = PBXGroup;
			children = (
				80FF0B102A22B5BA002025C5 /* PokemonWorldUITests.swift */,
				80FF0B122A22B5BA002025C5 /* PokemonWorldUITestsLaunchTests.swift */,
			);
			path = PokemonWorldUITests;
			sourceTree = "<group>";
		};
/* End PBXGroup section */

/* Begin PBXNativeTarget section */
		80FF0AEB2A22B5B9002025C5 /* PokemonWorld */ = {
			isa = PBXNativeTarget;
			buildConfigurationList = 80FF0B162A22B5BA002025C5 /* Build configuration list for PBXNativeTarget "PokemonWorld" */;
			buildPhases = (
				80FF0AE82A22B5B9002025C5 /* Sources */,
				80FF0AE92A22B5B9002025C5 /* Frameworks */,
				80FF0AEA2A22B5B9002025C5 /* Resources */,
			);
			buildRules = (
			);
			dependencies = (
			);
			name = PokemonWorld;
			productName = PokemonWorld;
			productReference = 80FF0AEC2A22B5B9002025C5 /* PokemonWorld.app */;
			productType = "com.apple.product-type.application";
		};
		80FF0B012A22B5B9002025C5 /* PokemonWorldTests */ = {
			isa = PBXNativeTarget;
			buildConfigurationList = 80FF0B192A22B5BA002025C5 /* Build configuration list for PBXNativeTarget "PokemonWorldTests" */;
			buildPhases = (
				80FF0AFE2A22B5B9002025C5 /* Sources */,
				80FF0AFF2A22B5B9002025C5 /* Frameworks */,
				80FF0B002A22B5B9002025C5 /* Resources */,
			);
			buildRules = (
			);
			dependencies = (
				80FF0B042A22B5B9002025C5 /* PBXTargetDependency */,
			);
			name = PokemonWorldTests;
			productName = PokemonWorldTests;
			productReference = 80FF0B022A22B5B9002025C5 /* PokemonWorldTests.xctest */;
			productType = "com.apple.product-type.bundle.unit-test";
		};
		80FF0B0B2A22B5BA002025C5 /* PokemonWorldUITests */ = {
			isa = PBXNativeTarget;
			buildConfigurationList = 80FF0B1C2A22B5BA002025C5 /* Build configuration list for PBXNativeTarget "PokemonWorldUITests" */;
			buildPhases = (
				80FF0B082A22B5BA002025C5 /* Sources */,
				80FF0B092A22B5BA002025C5 /* Frameworks */,
				80FF0B0A2A22B5BA002025C5 /* Resources */,
			);
			buildRules = (
			);
			dependencies = (
				80FF0B0E2A22B5BA002025C5 /* PBXTargetDependency */,
			);
			name = PokemonWorldUITests;
			productName = PokemonWorldUITests;
			productReference = 80FF0B0C2A22B5BA002025C5 /* PokemonWorldUITests.xctest */;
			productType = "com.apple.product-type.bundle.ui-testing";
		};
/* End PBXNativeTarget section */

/* Begin PBXProject section */
		80FF0AE42A22B5B9002025C5 /* Project object */ = {
			isa = PBXProject;
			attributes = {
				BuildIndependentTargetsInParallel = 1;
				LastSwiftUpdateCheck = 1430;
				LastUpgradeCheck = 1430;
				TargetAttributes = {
					80FF0AEB2A22B5B9002025C5 = {
						CreatedOnToolsVersion = 14.3;
					};
					80FF0B012A22B5B9002025C5 = {
						CreatedOnToolsVersion = 14.3;
						TestTargetID = 80FF0AEB2A22B5B9002025C5;
					};
					80FF0B0B2A22B5BA002025C5 = {
						CreatedOnToolsVersion = 14.3;
						TestTargetID = 80FF0AEB2A22B5B9002025C5;
					};
				};
			};
			buildConfigurationList = 80FF0AE72A22B5B9002025C5 /* Build configuration list for PBXProject "PokemonWorld" */;
			compatibilityVersion = "Xcode 14.0";
			developmentRegion = en;
			hasScannedForEncodings = 0;
			knownRegions = (
				en,
				Base,
			);
			mainGroup = 80FF0AE32A22B5B9002025C5;
			productRefGroup = 80FF0AED2A22B5B9002025C5 /* Products */;
			projectDirPath = "";
			projectRoot = "";
			targets = (
				80FF0AEB2A22B5B9002025C5 /* PokemonWorld */,
				80FF0B012A22B5B9002025C5 /* PokemonWorldTests */,
				80FF0B0B2A22B5BA002025C5 /* PokemonWorldUITests */,
			);
		};
/* End PBXProject section */

/* Begin PBXResourcesBuildPhase section */
		80FF0AEA2A22B5B9002025C5 /* Resources */ = {
			isa = PBXResourcesBuildPhase;
			buildActionMask = 2147483647;
			files = (
				80FF0AFC2A22B5B9002025C5 /* LaunchScreen.storyboard in Resources */,
				80FF0AF92A22B5B9002025C5 /* Assets.xcassets in Resources */,
				80FF0AF72A22B5B9002025C5 /* Main.storyboard in Resources */,
			);
			runOnlyForDeploymentPostprocessing = 0;
		};
		80FF0B002A22B5B9002025C5 /* Resources */ = {
			isa = PBXResourcesBuildPhase;
			buildActionMask = 2147483647;
			files = (
			);
			runOnlyForDeploymentPostprocessing = 0;
		};
		80FF0B0A2A22B5BA002025C5 /* Resources */ = {
			isa = PBXResourcesBuildPhase;
			buildActionMask = 2147483647;
			files = (
			);
			runOnlyForDeploymentPostprocessing = 0;
		};
/* End PBXResourcesBuildPhase section */

/* Begin PBXSourcesBuildPhase section */
		80FF0AE82A22B5B9002025C5 /* Sources */ = {
			isa = PBXSourcesBuildPhase;
			buildActionMask = 2147483647;
			files = (
				80FF0AF42A22B5B9002025C5 /* ViewController.swift in Sources */,
				80FF0AF02A22B5B9002025C5 /* AppDelegate.swift in Sources */,
				80FF0AF22A22B5B9002025C5 /* SceneDelegate.swift in Sources */,
			);
			runOnlyForDeploymentPostprocessing = 0;
		};
		80FF0AFE2A22B5B9002025C5 /* Sources */ = {
			isa = PBXSourcesBuildPhase;
			buildActionMask = 2147483647;
			files = (
				80FF0B072A22B5B9002025C5 /* PokemonWorldTests.swift in Sources */,
			);
			runOnlyForDeploymentPostprocessing = 0;
		};
		80FF0B082A22B5BA002025C5 /* Sources */ = {
			isa = PBXSourcesBuildPhase;
			buildActionMask = 2147483647;
			files = (
				80FF0B112A22B5BA002025C5 /* PokemonWorldUITests.swift in Sources */,
				80FF0B132A22B5BA002025C5 /* PokemonWorldUITestsLaunchTests.swift in Sources */,
			);
			runOnlyForDeploymentPostprocessing = 0;
		};
/* End PBXSourcesBuildPhase section */

/* Begin PBXTargetDependency section */
		80FF0B042A22B5B9002025C5 /* PBXTargetDependency */ = {
			isa = PBXTargetDependency;
			target = 80FF0AEB2A22B5B9002025C5 /* PokemonWorld */;
			targetProxy = 80FF0B032A22B5B9002025C5 /* PBXContainerItemProxy */;
		};
		80FF0B0E2A22B5BA002025C5 /* PBXTargetDependency */ = {
			isa = PBXTargetDependency;
			target = 80FF0AEB2A22B5B9002025C5 /* PokemonWorld */;
			targetProxy = 80FF0B0D2A22B5BA002025C5 /* PBXContainerItemProxy */;
		};
/* End PBXTargetDependency section */

/* Begin PBXVariantGroup section */
		80FF0AF52A22B5B9002025C5 /* Main.storyboard */ = {
			isa = PBXVariantGroup;
			children = (
				80FF0AF62A22B5B9002025C5 /* Base */,
			);
			name = Main.storyboard;
			sourceTree = "<group>";
		};
		80FF0AFA2A22B5B9002025C5 /* LaunchScreen.storyboard */ = {
			isa = PBXVariantGroup;
			children = (
				80FF0AFB2A22B5B9002025C5 /* Base */,
			);
			name = LaunchScreen.storyboard;
			sourceTree = "<group>";
		};
/* End PBXVariantGroup section */

/* Begin XCBuildConfiguration section */
		80FF0B142A22B5BA002025C5 /* Debug */ = {
			isa = XCBuildConfiguration;
			buildSettings = {
				ALWAYS_SEARCH_USER_PATHS = NO;
				CLANG_ANALYZER_NONNULL = YES;
				CLANG_ANALYZER_NUMBER_OBJECT_CONVERSION = YES_AGGRESSIVE;
				CLANG_CXX_LANGUAGE_STANDARD = "gnu++20";
				CLANG_ENABLE_MODULES = YES;
				CLANG_ENABLE_OBJC_ARC = YES;
				CLANG_ENABLE_OBJC_WEAK = YES;
				CLANG_WARN_BLOCK_CAPTURE_AUTORELEASING = YES;
				CLANG_WARN_BOOL_CONVERSION = YES;
				CLANG_WARN_COMMA = YES;
				CLANG_WARN_CONSTANT_CONVERSION = YES;
				CLANG_WARN_DEPRECATED_OBJC_IMPLEMENTATIONS = YES;
				CLANG_WARN_DIRECT_OBJC_ISA_USAGE = YES_ERROR;
				CLANG_WARN_DOCUMENTATION_COMMENTS = YES;
				CLANG_WARN_EMPTY_BODY = YES;
				CLANG_WARN_ENUM_CONVERSION = YES;
				CLANG_WARN_INFINITE_RECURSION = YES;
				CLANG_WARN_INT_CONVERSION = YES;
				CLANG_WARN_NON_LITERAL_NULL_CONVERSION = YES;
				CLANG_WARN_OBJC_IMPLICIT_RETAIN_SELF = YES;
				CLANG_WARN_OBJC_LITERAL_CONVERSION = YES;
				CLANG_WARN_OBJC_ROOT_CLASS = YES_ERROR;
				CLANG_WARN_QUOTED_INCLUDE_IN_FRAMEWORK_HEADER = YES;
				CLANG_WARN_RANGE_LOOP_ANALYSIS = YES;
				CLANG_WARN_STRICT_PROTOTYPES = YES;
				CLANG_WARN_SUSPICIOUS_MOVE = YES;
				CLANG_WARN_UNGUARDED_AVAILABILITY = YES_AGGRESSIVE;
				CLANG_WARN_UNREACHABLE_CODE = YES;
				CLANG_WARN__DUPLICATE_METHOD_MATCH = YES;
				COPY_PHASE_STRIP = NO;
				DEBUG_INFORMATION_FORMAT = dwarf;
				ENABLE_STRICT_OBJC_MSGSEND = YES;
				ENABLE_TESTABILITY = YES;
				GCC_C_LANGUAGE_STANDARD = gnu11;
				GCC_DYNAMIC_NO_PIC = NO;
				GCC_NO_COMMON_BLOCKS = YES;
				GCC_OPTIMIZATION_LEVEL = 0;
				GCC_PREPROCESSOR_DEFINITIONS = (
					"DEBUG=1",
					"$(inherited)",
				);
				GCC_WARN_64_TO_32_BIT_CONVERSION = YES;
				GCC_WARN_ABOUT_RETURN_TYPE = YES_ERROR;
				GCC_WARN_UNDECLARED_SELECTOR = YES;
				GCC_WARN_UNINITIALIZED_AUTOS = YES_AGGRESSIVE;
				GCC_WARN_UNUSED_FUNCTION = YES;
				GCC_WARN_UNUSED_VARIABLE = YES;
				IPHONEOS_DEPLOYMENT_TARGET = 16.4;
				MTL_ENABLE_DEBUG_INFO = INCLUDE_SOURCE;
				MTL_FAST_MATH = YES;
				ONLY_ACTIVE_ARCH = YES;
				SDKROOT = iphoneos;
				SWIFT_ACTIVE_COMPILATION_CONDITIONS = DEBUG;
				SWIFT_OPTIMIZATION_LEVEL = "-Onone";
			};
			name = Debug;
		};
		80FF0B152A22B5BA002025C5 /* Release */ = {
			isa = XCBuildConfiguration;
			buildSettings = {
				ALWAYS_SEARCH_USER_PATHS = NO;
				CLANG_ANALYZER_NONNULL = YES;
				CLANG_ANALYZER_NUMBER_OBJECT_CONVERSION = YES_AGGRESSIVE;
				CLANG_CXX_LANGUAGE_STANDARD = "gnu++20";
				CLANG_ENABLE_MODULES = YES;
				CLANG_ENABLE_OBJC_ARC = YES;
				CLANG_ENABLE_OBJC_WEAK = YES;
				CLANG_WARN_BLOCK_CAPTURE_AUTORELEASING = YES;
				CLANG_WARN_BOOL_CONVERSION = YES;
				CLANG_WARN_COMMA = YES;
				CLANG_WARN_CONSTANT_CONVERSION = YES;
				CLANG_WARN_DEPRECATED_OBJC_IMPLEMENTATIONS = YES;
				CLANG_WARN_DIRECT_OBJC_ISA_USAGE = YES_ERROR;
				CLANG_WARN_DOCUMENTATION_COMMENTS = YES;
				CLANG_WARN_EMPTY_BODY = YES;
				CLANG_WARN_ENUM_CONVERSION = YES;
				CLANG_WARN_INFINITE_RECURSION = YES;
				CLANG_WARN_INT_CONVERSION = YES;
				CLANG_WARN_NON_LITERAL_NULL_CONVERSION = YES;
				CLANG_WARN_OBJC_IMPLICIT_RETAIN_SELF = YES;
				CLANG_WARN_OBJC_LITERAL_CONVERSION = YES;
				CLANG_WARN_OBJC_ROOT_CLASS = YES_ERROR;
				CLANG_WARN_QUOTED_INCLUDE_IN_FRAMEWORK_HEADER = YES;
				CLANG_WARN_RANGE_LOOP_ANALYSIS = YES;
				CLANG_WARN_STRICT_PROTOTYPES = YES;
				CLANG_WARN_SUSPICIOUS_MOVE = YES;
				CLANG_WARN_UNGUARDED_AVAILABILITY = YES_AGGRESSIVE;
				CLANG_WARN_UNREACHABLE_CODE = YES;
				CLANG_WARN__DUPLICATE_METHOD_MATCH = YES;
				COPY_PHASE_STRIP = NO;
				DEBUG_INFORMATION_FORMAT = "dwarf-with-dsym";
				ENABLE_NS_ASSERTIONS = NO;
				ENABLE_STRICT_OBJC_MSGSEND = YES;
				GCC_C_LANGUAGE_STANDARD = gnu11;
				GCC_NO_COMMON_BLOCKS = YES;
				GCC_WARN_64_TO_32_BIT_CONVERSION = YES;
				GCC_WARN_ABOUT_RETURN_TYPE = YES_ERROR;
				GCC_WARN_UNDECLARED_SELECTOR = YES;
				GCC_WARN_UNINITIALIZED_AUTOS = YES_AGGRESSIVE;
				GCC_WARN_UNUSED_FUNCTION = YES;
				GCC_WARN_UNUSED_VARIABLE = YES;
				IPHONEOS_DEPLOYMENT_TARGET = 16.4;
				MTL_ENABLE_DEBUG_INFO = NO;
				MTL_FAST_MATH = YES;
				SDKROOT = iphoneos;
				SWIFT_COMPILATION_MODE = wholemodule;
				SWIFT_OPTIMIZATION_LEVEL = "-O";
				VALIDATE_PRODUCT = YES;
			};
			name = Release;
		};
		80FF0B172A22B5BA002025C5 /* Debug */ = {
			isa = XCBuildConfiguration;
			buildSettings = {
				ASSETCATALOG_COMPILER_APPICON_NAME = AppIcon;
				ASSETCATALOG_COMPILER_GLOBAL_ACCENT_COLOR_NAME = AccentColor;
				CODE_SIGN_STYLE = Automatic;
				CURRENT_PROJECT_VERSION = 1;
				DEVELOPMENT_TEAM = 936XSD7LYL;
				GENERATE_INFOPLIST_FILE = YES;
				INFOPLIST_FILE = PokemonWorld/Info.plist;
				INFOPLIST_KEY_UIApplicationSupportsIndirectInputEvents = YES;
				INFOPLIST_KEY_UILaunchStoryboardName = LaunchScreen;
				INFOPLIST_KEY_UIMainStoryboardFile = Main;
				INFOPLIST_KEY_UISupportedInterfaceOrientations_iPad = "UIInterfaceOrientationPortrait UIInterfaceOrientationPortraitUpsideDown UIInterfaceOrientationLandscapeLeft UIInterfaceOrientationLandscapeRight";
				INFOPLIST_KEY_UISupportedInterfaceOrientations_iPhone = "UIInterfaceOrientationPortrait UIInterfaceOrientationLandscapeLeft UIInterfaceOrientationLandscapeRight";
				LD_RUNPATH_SEARCH_PATHS = (
					"$(inherited)",
					"@executable_path/Frameworks",
				);
				MARKETING_VERSION = 1.0;
				PRODUCT_BUNDLE_IDENTIFIER = ibrahimmbyrrm.PokemonWorld;
				PRODUCT_NAME = "$(TARGET_NAME)";
				SWIFT_EMIT_LOC_STRINGS = YES;
				SWIFT_VERSION = 5.0;
				TARGETED_DEVICE_FAMILY = "1,2";
			};
			name = Debug;
		};
		80FF0B182A22B5BA002025C5 /* Release */ = {
			isa = XCBuildConfiguration;
			buildSettings = {
				ASSETCATALOG_COMPILER_APPICON_NAME = AppIcon;
				ASSETCATALOG_COMPILER_GLOBAL_ACCENT_COLOR_NAME = AccentColor;
				CODE_SIGN_STYLE = Automatic;
				CURRENT_PROJECT_VERSION = 1;
				DEVELOPMENT_TEAM = 936XSD7LYL;
				GENERATE_INFOPLIST_FILE = YES;
				INFOPLIST_FILE = PokemonWorld/Info.plist;
				INFOPLIST_KEY_UIApplicationSupportsIndirectInputEvents = YES;
				INFOPLIST_KEY_UILaunchStoryboardName = LaunchScreen;
				INFOPLIST_KEY_UIMainStoryboardFile = Main;
				INFOPLIST_KEY_UISupportedInterfaceOrientations_iPad = "UIInterfaceOrientationPortrait UIInterfaceOrientationPortraitUpsideDown UIInterfaceOrientationLandscapeLeft UIInterfaceOrientationLandscapeRight";
				INFOPLIST_KEY_UISupportedInterfaceOrientations_iPhone = "UIInterfaceOrientationPortrait UIInterfaceOrientationLandscapeLeft UIInterfaceOrientationLandscapeRight";
				LD_RUNPATH_SEARCH_PATHS = (
					"$(inherited)",
					"@executable_path/Frameworks",
				);
				MARKETING_VERSION = 1.0;
				PRODUCT_BUNDLE_IDENTIFIER = ibrahimmbyrrm.PokemonWorld;
				PRODUCT_NAME = "$(TARGET_NAME)";
				SWIFT_EMIT_LOC_STRINGS = YES;
				SWIFT_VERSION = 5.0;
				TARGETED_DEVICE_FAMILY = "1,2";
			};
			name = Release;
		};
		80FF0B1A2A22B5BA002025C5 /* Debug */ = {
			isa = XCBuildConfiguration;
			buildSettings = {
				ALWAYS_EMBED_SWIFT_STANDARD_LIBRARIES = YES;
				BUNDLE_LOADER = "$(TEST_HOST)";
				CODE_SIGN_STYLE = Automatic;
				CURRENT_PROJECT_VERSION = 1;
				DEVELOPMENT_TEAM = 936XSD7LYL;
				GENERATE_INFOPLIST_FILE = YES;
				IPHONEOS_DEPLOYMENT_TARGET = 16.4;
				MARKETING_VERSION = 1.0;
				PRODUCT_BUNDLE_IDENTIFIER = ibrahimmbyrrm.PokemonWorldTests;
				PRODUCT_NAME = "$(TARGET_NAME)";
				SWIFT_EMIT_LOC_STRINGS = NO;
				SWIFT_VERSION = 5.0;
				TARGETED_DEVICE_FAMILY = "1,2";
				TEST_HOST = "$(BUILT_PRODUCTS_DIR)/PokemonWorld.app/$(BUNDLE_EXECUTABLE_FOLDER_PATH)/PokemonWorld";
			};
			name = Debug;
		};
		80FF0B1B2A22B5BA002025C5 /* Release */ = {
			isa = XCBuildConfiguration;
			buildSettings = {
				ALWAYS_EMBED_SWIFT_STANDARD_LIBRARIES = YES;
				BUNDLE_LOADER = "$(TEST_HOST)";
				CODE_SIGN_STYLE = Automatic;
				CURRENT_PROJECT_VERSION = 1;
				DEVELOPMENT_TEAM = 936XSD7LYL;
				GENERATE_INFOPLIST_FILE = YES;
				IPHONEOS_DEPLOYMENT_TARGET = 16.4;
				MARKETING_VERSION = 1.0;
				PRODUCT_BUNDLE_IDENTIFIER = ibrahimmbyrrm.PokemonWorldTests;
				PRODUCT_NAME = "$(TARGET_NAME)";
				SWIFT_EMIT_LOC_STRINGS = NO;
				SWIFT_VERSION = 5.0;
				TARGETED_DEVICE_FAMILY = "1,2";
				TEST_HOST = "$(BUILT_PRODUCTS_DIR)/PokemonWorld.app/$(BUNDLE_EXECUTABLE_FOLDER_PATH)/PokemonWorld";
			};
			name = Release;
		};
		80FF0B1D2A22B5BA002025C5 /* Debug */ = {
			isa = XCBuildConfiguration;
			buildSettings = {
				ALWAYS_EMBED_SWIFT_STANDARD_LIBRARIES = YES;
				CODE_SIGN_STYLE = Automatic;
				CURRENT_PROJECT_VERSION = 1;
				DEVELOPMENT_TEAM = 936XSD7LYL;
				GENERATE_INFOPLIST_FILE = YES;
				MARKETING_VERSION = 1.0;
				PRODUCT_BUNDLE_IDENTIFIER = ibrahimmbyrrm.PokemonWorldUITests;
				PRODUCT_NAME = "$(TARGET_NAME)";
				SWIFT_EMIT_LOC_STRINGS = NO;
				SWIFT_VERSION = 5.0;
				TARGETED_DEVICE_FAMILY = "1,2";
				TEST_TARGET_NAME = PokemonWorld;
			};
			name = Debug;
		};
		80FF0B1E2A22B5BA002025C5 /* Release */ = {
			isa = XCBuildConfiguration;
			buildSettings = {
				ALWAYS_EMBED_SWIFT_STANDARD_LIBRARIES = YES;
				CODE_SIGN_STYLE = Automatic;
				CURRENT_PROJECT_VERSION = 1;
				DEVELOPMENT_TEAM = 936XSD7LYL;
				GENERATE_INFOPLIST_FILE = YES;
				MARKETING_VERSION = 1.0;
				PRODUCT_BUNDLE_IDENTIFIER = ibrahimmbyrrm.PokemonWorldUITests;
				PRODUCT_NAME = "$(TARGET_NAME)";
				SWIFT_EMIT_LOC_STRINGS = NO;
				SWIFT_VERSION = 5.0;
				TARGETED_DEVICE_FAMILY = "1,2";
				TEST_TARGET_NAME = PokemonWorld;
			};
			name = Release;
		};
/* End XCBuildConfiguration section */

/* Begin XCConfigurationList section */
		80FF0AE72A22B5B9002025C5 /* Build configuration list for PBXProject "PokemonWorld" */ = {
			isa = XCConfigurationList;
			buildConfigurations = (
				80FF0B142A22B5BA002025C5 /* Debug */,
				80FF0B152A22B5BA002025C5 /* Release */,
			);
			defaultConfigurationIsVisible = 0;
			defaultConfigurationName = Release;
		};
		80FF0B162A22B5BA002025C5 /* Build configuration list for PBXNativeTarget "PokemonWorld" */ = {
			isa = XCConfigurationList;
			buildConfigurations = (
				80FF0B172A22B5BA002025C5 /* Debug */,
				80FF0B182A22B5BA002025C5 /* Release */,
			);
			defaultConfigurationIsVisible = 0;
			defaultConfigurationName = Release;
		};
		80FF0B192A22B5BA002025C5 /* Build configuration list for PBXNativeTarget "PokemonWorldTests" */ = {
			isa = XCConfigurationList;
			buildConfigurations = (
				80FF0B1A2A22B5BA002025C5 /* Debug */,
				80FF0B1B2A22B5BA002025C5 /* Release */,
			);
			defaultConfigurationIsVisible = 0;
			defaultConfigurationName = Release;
		};
		80FF0B1C2A22B5BA002025C5 /* Build configuration list for PBXNativeTarget "PokemonWorldUITests" */ = {
			isa = XCConfigurationList;
			buildConfigurations = (
				80FF0B1D2A22B5BA002025C5 /* Debug */,
				80FF0B1E2A22B5BA002025C5 /* Release */,
			);
			defaultConfigurationIsVisible = 0;
			defaultConfigurationName = Release;
		};
/* End XCConfigurationList section */
	};
	rootObject = 80FF0AE42A22B5B9002025C5 /* Project object */;
}
